{
  "version": 4,
  "terraform_version": "1.0.11",
  "serial": 8,
  "lineage": "18d1ee2b-8214-a97c-b9bd-4fdd6dbf3b64",
  "outputs": {
    "function_app_default_hostname": {
      "value": "rustaf-dev-function-app.azurewebsites.net",
      "type": "string"
    },
    "function_app_name": {
      "value": "rustaf-dev-function-app",
      "type": "string"
    }
  },
  "resources": [
    {
      "mode": "managed",
      "type": "azurerm_app_service_plan",
      "name": "app_service_plan",
      "provider": "provider[\"registry.terraform.io/hashicorp/azurerm\"]",
      "instances": [
        {
          "schema_version": 0,
          "attributes": {
            "app_service_environment_id": "",
            "id": "/subscriptions/3e1de737-5422-4fb5-a4f2-91bbdfa47583/resourceGroups/rustaf-dev-resource-group/providers/Microsoft.Web/serverfarms/rustaf-dev-app-service-plan",
            "is_xenon": false,
            "kind": "functionapp",
            "location": "westeurope",
            "maximum_elastic_worker_count": 1,
            "maximum_number_of_workers": 0,
            "name": "rustaf-dev-app-service-plan",
            "per_site_scaling": false,
            "reserved": true,
            "resource_group_name": "rustaf-dev-resource-group",
            "sku": [
              {
                "capacity": 0,
                "size": "Y1",
                "tier": "Dynamic"
              }
            ],
            "tags": null,
            "timeouts": null,
            "zone_redundant": false
          },
          "sensitive_attributes": [],
          "private": "eyJlMmJmYjczMC1lY2FhLTExZTYtOGY4OC0zNDM2M2JjN2M0YzAiOnsiY3JlYXRlIjozNjAwMDAwMDAwMDAwLCJkZWxldGUiOjM2MDAwMDAwMDAwMDAsInJlYWQiOjMwMDAwMDAwMDAwMCwidXBkYXRlIjozNjAwMDAwMDAwMDAwfX0=",
          "dependencies": [
            "azurerm_resource_group.resource_group"
          ]
        }
      ]
    },
    {
      "mode": "managed",
      "type": "azurerm_application_insights",
      "name": "application_insights",
      "provider": "provider[\"registry.terraform.io/hashicorp/azurerm\"]",
      "instances": [
        {
          "schema_version": 1,
          "attributes": {
            "app_id": "fa1439f3-f879-4a6f-9a13-c1b3526ccdbb",
            "application_type": "web",
            "connection_string": "InstrumentationKey=e44c13b8-7d61-4528-b79e-92fce328495b;IngestionEndpoint=https://westeurope-2.in.applicationinsights.azure.com/",
            "daily_data_cap_in_gb": 100,
            "daily_data_cap_notifications_disabled": false,
            "disable_ip_masking": false,
            "id": "/subscriptions/3e1de737-5422-4fb5-a4f2-91bbdfa47583/resourceGroups/rustaf-dev-resource-group/providers/Microsoft.Insights/components/rustaf-dev-application-insights",
            "instrumentation_key": "e44c13b8-7d61-4528-b79e-92fce328495b",
            "internet_ingestion_enabled": true,
            "internet_query_enabled": true,
            "local_authentication_disabled": false,
            "location": "westeurope",
            "name": "rustaf-dev-application-insights",
            "resource_group_name": "rustaf-dev-resource-group",
            "retention_in_days": 90,
            "sampling_percentage": 100,
            "tags": null,
            "timeouts": null,
            "workspace_id": null
          },
          "sensitive_attributes": [],
          "private": "eyJlMmJmYjczMC1lY2FhLTExZTYtOGY4OC0zNDM2M2JjN2M0YzAiOnsiY3JlYXRlIjoxODAwMDAwMDAwMDAwLCJkZWxldGUiOjE4MDAwMDAwMDAwMDAsInJlYWQiOjMwMDAwMDAwMDAwMCwidXBkYXRlIjoxODAwMDAwMDAwMDAwfSwic2NoZW1hX3ZlcnNpb24iOiIxIn0=",
          "dependencies": [
            "azurerm_resource_group.resource_group"
          ]
        }
      ]
    },
    {
      "mode": "managed",
      "type": "azurerm_function_app",
      "name": "function_app",
      "provider": "provider[\"registry.terraform.io/hashicorp/azurerm\"]",
      "instances": [
        {
          "schema_version": 0,
          "attributes": {
            "app_service_plan_id": "/subscriptions/3e1de737-5422-4fb5-a4f2-91bbdfa47583/resourceGroups/rustaf-dev-resource-group/providers/Microsoft.Web/serverfarms/rustaf-dev-app-service-plan",
            "app_settings": {
              "APPINSIGHTS_INSTRUMENTATIONKEY": "e44c13b8-7d61-4528-b79e-92fce328495b",
              "FUNCTIONS_WORKER_RUNTIME": "custom",
              "WEBSITE_RUN_FROM_PACKAGE": ""
            },
            "auth_settings": [
              {
                "active_directory": [],
                "additional_login_params": {},
                "allowed_external_redirect_urls": [],
                "default_provider": "",
                "enabled": false,
                "facebook": [],
                "google": [],
                "issuer": "",
                "microsoft": [],
                "runtime_version": "",
                "token_refresh_extension_hours": 0,
                "token_store_enabled": false,
                "twitter": [],
                "unauthenticated_client_action": ""
              }
            ],
            "client_affinity_enabled": false,
            "client_cert_mode": "",
            "connection_string": [],
            "custom_domain_verification_id": "B2C508E0A76A4FCFC1901D64C039AA54B34AF9C5F213917F5F0A92946682391D",
            "daily_memory_time_quota": 0,
            "default_hostname": "rustaf-dev-function-app.azurewebsites.net",
            "enable_builtin_logging": true,
            "enabled": true,
            "https_only": false,
            "id": "/subscriptions/3e1de737-5422-4fb5-a4f2-91bbdfa47583/resourceGroups/rustaf-dev-resource-group/providers/Microsoft.Web/sites/rustaf-dev-function-app",
            "identity": [],
            "key_vault_reference_identity_id": "SystemAssigned",
            "kind": "functionapp,linux",
            "location": "westeurope",
            "name": "rustaf-dev-function-app",
            "os_type": "linux",
            "outbound_ip_addresses": "51.124.22.192,51.124.22.215,51.124.23.119,51.138.16.35,51.124.21.175,51.138.20.233,20.50.2.42",
            "possible_outbound_ip_addresses": "51.124.22.192,51.124.22.215,51.124.23.119,51.138.16.35,51.124.21.175,51.138.20.233,51.138.21.47,51.138.21.189,51.138.22.34,51.138.22.122,51.138.22.229,51.138.104.128,51.138.105.63,51.138.105.163,51.138.105.196,51.138.106.37,51.138.22.141,51.138.106.177,51.138.81.107,51.138.81.170,40.114.174.73,51.138.81.175,51.138.82.168,51.138.82.188,20.50.2.42",
            "resource_group_name": "rustaf-dev-resource-group",
            "site_config": [
              {
                "always_on": false,
                "app_scale_limit": 0,
                "auto_swap_slot_name": "",
                "cors": [
                  {
                    "allowed_origins": [],
                    "support_credentials": false
                  }
                ],
                "dotnet_framework_version": "v4.0",
                "elastic_instance_minimum": 1,
                "ftps_state": "AllAllowed",
                "health_check_path": "",
                "http2_enabled": false,
                "ip_restriction": [],
                "java_version": "",
                "linux_fx_version": "",
                "min_tls_version": "1.2",
                "pre_warmed_instance_count": 0,
                "runtime_scale_monitoring_enabled": false,
                "scm_ip_restriction": [],
                "scm_type": "None",
                "scm_use_main_ip_restriction": false,
                "use_32_bit_worker_process": false,
                "vnet_route_all_enabled": false,
                "websockets_enabled": false
              }
            ],
            "site_credential": [
              {
                "password": "R06P9jEbRGkjNskp7h2QCusMMiZQq4Q5tFBcgedBx4safZxoFJu3NBoir1ue",
                "username": "$rustaf-dev-function-app"
              }
            ],
            "source_control": [
              {
                "branch": "master",
                "manual_integration": false,
                "repo_url": "",
                "rollback_enabled": false,
                "use_mercurial": false
              }
            ],
            "storage_account_access_key": "5RIcz92ka2HrcyqvjXG3XS71XOPWoF5tmbP7wXomaVVOnaW9KGeHlBBMwl21AuX67pHEtN4T7Konb9OnlNBrvQ==",
            "storage_account_name": "rustafdevstorage",
            "storage_connection_string": "DefaultEndpointsProtocol=https;AccountName=rustafdevstorage;AccountKey=5RIcz92ka2HrcyqvjXG3XS71XOPWoF5tmbP7wXomaVVOnaW9KGeHlBBMwl21AuX67pHEtN4T7Konb9OnlNBrvQ==;EndpointSuffix=core.windows.net",
            "tags": null,
            "timeouts": null,
            "version": "~3"
          },
          "sensitive_attributes": [
            [
              {
                "type": "get_attr",
                "value": "storage_account_access_key"
              }
            ],
            [
              {
                "type": "get_attr",
                "value": "app_settings"
              },
              {
                "type": "index",
                "value": {
                  "value": "APPINSIGHTS_INSTRUMENTATIONKEY",
                  "type": "string"
                }
              }
            ]
          ],
          "private": "eyJlMmJmYjczMC1lY2FhLTExZTYtOGY4OC0zNDM2M2JjN2M0YzAiOnsiY3JlYXRlIjoxODAwMDAwMDAwMDAwLCJkZWxldGUiOjE4MDAwMDAwMDAwMDAsInJlYWQiOjMwMDAwMDAwMDAwMCwidXBkYXRlIjoxODAwMDAwMDAwMDAwfX0=",
          "dependencies": [
            "azurerm_app_service_plan.app_service_plan",
            "azurerm_application_insights.application_insights",
            "azurerm_resource_group.resource_group",
            "azurerm_storage_account.storage_account"
          ]
        }
      ]
    },
    {
      "mode": "managed",
      "type": "azurerm_resource_group",
      "name": "resource_group",
      "provider": "provider[\"registry.terraform.io/hashicorp/azurerm\"]",
      "instances": [
        {
          "schema_version": 0,
          "attributes": {
            "id": "/subscriptions/3e1de737-5422-4fb5-a4f2-91bbdfa47583/resourceGroups/rustaf-dev-resource-group",
            "location": "westeurope",
            "name": "rustaf-dev-resource-group",
            "tags": null,
            "timeouts": null
          },
          "sensitive_attributes": [],
          "private": "eyJlMmJmYjczMC1lY2FhLTExZTYtOGY4OC0zNDM2M2JjN2M0YzAiOnsiY3JlYXRlIjo1NDAwMDAwMDAwMDAwLCJkZWxldGUiOjU0MDAwMDAwMDAwMDAsInJlYWQiOjMwMDAwMDAwMDAwMCwidXBkYXRlIjo1NDAwMDAwMDAwMDAwfX0="
        }
      ]
    },
    {
      "mode": "managed",
      "type": "azurerm_storage_account",
      "name": "storage_account",
      "provider": "provider[\"registry.terraform.io/hashicorp/azurerm\"]",
      "instances": [
        {
          "schema_version": 2,
          "attributes": {
            "access_tier": "Hot",
            "account_kind": "StorageV2",
            "account_replication_type": "LRS",
            "account_tier": "Standard",
            "allow_blob_public_access": false,
            "azure_files_authentication": [],
            "blob_properties": [
              {
                "change_feed_enabled": false,
                "container_delete_retention_policy": [],
                "cors_rule": [],
                "default_service_version": "",
                "delete_retention_policy": [],
                "last_access_time_enabled": false,
                "versioning_enabled": false
              }
            ],
            "custom_domain": [],
            "enable_https_traffic_only": true,
            "id": "/subscriptions/3e1de737-5422-4fb5-a4f2-91bbdfa47583/resourceGroups/rustaf-dev-resource-group/providers/Microsoft.Storage/storageAccounts/rustafdevstorage",
            "identity": [],
            "is_hns_enabled": false,
            "large_file_share_enabled": null,
            "location": "westeurope",
            "min_tls_version": "TLS1_0",
            "name": "rustafdevstorage",
            "network_rules": [
              {
                "bypass": [
                  "AzureServices"
                ],
                "default_action": "Allow",
                "ip_rules": [],
                "private_link_access": [],
                "virtual_network_subnet_ids": []
              }
            ],
            "nfsv3_enabled": false,
            "primary_access_key": "5RIcz92ka2HrcyqvjXG3XS71XOPWoF5tmbP7wXomaVVOnaW9KGeHlBBMwl21AuX67pHEtN4T7Konb9OnlNBrvQ==",
            "primary_blob_connection_string": "DefaultEndpointsProtocol=https;BlobEndpoint=https://rustafdevstorage.blob.core.windows.net/;AccountName=rustafdevstorage;AccountKey=5RIcz92ka2HrcyqvjXG3XS71XOPWoF5tmbP7wXomaVVOnaW9KGeHlBBMwl21AuX67pHEtN4T7Konb9OnlNBrvQ==",
            "primary_blob_endpoint": "https://rustafdevstorage.blob.core.windows.net/",
            "primary_blob_host": "rustafdevstorage.blob.core.windows.net",
            "primary_connection_string": "DefaultEndpointsProtocol=https;AccountName=rustafdevstorage;AccountKey=5RIcz92ka2HrcyqvjXG3XS71XOPWoF5tmbP7wXomaVVOnaW9KGeHlBBMwl21AuX67pHEtN4T7Konb9OnlNBrvQ==;EndpointSuffix=core.windows.net",
            "primary_dfs_endpoint": "https://rustafdevstorage.dfs.core.windows.net/",
            "primary_dfs_host": "rustafdevstorage.dfs.core.windows.net",
            "primary_file_endpoint": "https://rustafdevstorage.file.core.windows.net/",
            "primary_file_host": "rustafdevstorage.file.core.windows.net",
            "primary_location": "westeurope",
            "primary_queue_endpoint": "https://rustafdevstorage.queue.core.windows.net/",
            "primary_queue_host": "rustafdevstorage.queue.core.windows.net",
            "primary_table_endpoint": "https://rustafdevstorage.table.core.windows.net/",
            "primary_table_host": "rustafdevstorage.table.core.windows.net",
            "primary_web_endpoint": "https://rustafdevstorage.z6.web.core.windows.net/",
            "primary_web_host": "rustafdevstorage.z6.web.core.windows.net",
            "queue_properties": [
              {
                "cors_rule": [],
                "hour_metrics": [
                  {
                    "enabled": true,
                    "include_apis": true,
                    "retention_policy_days": 7,
                    "version": "1.0"
                  }
                ],
                "logging": [
                  {
                    "delete": false,
                    "read": false,
                    "retention_policy_days": 0,
                    "version": "1.0",
                    "write": false
                  }
                ],
                "minute_metrics": [
                  {
                    "enabled": false,
                    "include_apis": false,
                    "retention_policy_days": 0,
                    "version": "1.0"
                  }
                ]
              }
            ],
            "resource_group_name": "rustaf-dev-resource-group",
            "routing": [],
            "secondary_access_key": "tvyJ3rSYtgo57LLQlcf83477g9D85BqYsjLp9vly2HMUSgafCpRnWVZCBXlaj2lIpqLPhxjbp7cgVLAE4jfyMg==",
            "secondary_blob_connection_string": "",
            "secondary_blob_endpoint": null,
            "secondary_blob_host": null,
            "secondary_connection_string": "DefaultEndpointsProtocol=https;AccountName=rustafdevstorage;AccountKey=tvyJ3rSYtgo57LLQlcf83477g9D85BqYsjLp9vly2HMUSgafCpRnWVZCBXlaj2lIpqLPhxjbp7cgVLAE4jfyMg==;EndpointSuffix=core.windows.net",
            "secondary_dfs_endpoint": null,
            "secondary_dfs_host": null,
            "secondary_file_endpoint": null,
            "secondary_file_host": null,
            "secondary_location": "",
            "secondary_queue_endpoint": null,
            "secondary_queue_host": null,
            "secondary_table_endpoint": null,
            "secondary_table_host": null,
            "secondary_web_endpoint": null,
            "secondary_web_host": null,
            "share_properties": [
              {
                "cors_rule": [],
                "retention_policy": [
                  {
                    "days": 7
                  }
                ],
                "smb": []
              }
            ],
            "shared_access_key_enabled": true,
            "static_website": [],
            "tags": null,
            "timeouts": null
          },
          "sensitive_attributes": [],
          "private": "eyJlMmJmYjczMC1lY2FhLTExZTYtOGY4OC0zNDM2M2JjN2M0YzAiOnsiY3JlYXRlIjozNjAwMDAwMDAwMDAwLCJkZWxldGUiOjM2MDAwMDAwMDAwMDAsInJlYWQiOjMwMDAwMDAwMDAwMCwidXBkYXRlIjozNjAwMDAwMDAwMDAwfSwic2NoZW1hX3ZlcnNpb24iOiIyIn0=",
          "dependencies": [
            "azurerm_resource_group.resource_group"
          ]
        }
      ]
    }
  ]
}
